
Microsoft Visual Studio Solution File, Format Version 12.00
# Visual Studio Version 16
VisualStudioVersion = 16.0.29306.81
MinimumVisualStudioVersion = 10.0.40219.1
Project("{FAE04EC0-301F-11D3-BF4B-00C04F79EFBC}") = "WebApplication1", "WebApplication1\WebApplication1.csproj", "{A94E8C38-FC10-46D9-92B1-F3FB73736B44}"
EndProject
Global
	GlobalSection(SolutionConfigurationPlatforms) = preSolution
		Debug|Any CPU = Debug|Any CPU
		Release|Any CPU = Release|Any CPU
	EndGlobalSection
	GlobalSection(ProjectConfigurationPlatforms) = postSolution
		{A94E8C38-FC10-46D9-92B1-F3FB73736B44}.Debug|Any CPU.ActiveCfg = Debug|Any CPU
		{A94E8C38-FC10-46D9-92B1-F3FB73736B44}.Debug|Any CPU.Build.0 = Debug|Any CPU
		{A94E8C38-FC10-46D9-92B1-F3FB73736B44}.Release|Any CPU.ActiveCfg = Release|Any CPU
		{A94E8C38-FC10-46D9-92B1-F3FB73736B44}.Release|Any CPU.Build.0 = Release|Any CPU
	EndGlobalSection
	GlobalSection(SolutionProperties) = preSolution
		HideSolutionNode = FALSE
	EndGlobalSection
	GlobalSection(ExtensibilityGlobals) = postSolution
		SolutionGuid = {77B30027-ADC4-407F-B533-D9FBACB5EE90}
	EndGlobalSection
EndGlobal
